{
  "name": "Job-Agent",
  "version": "1.0.0",
  "lockfileVersion": 3,
  "requires": true,
  "packages": {
    "": {
      "name": "Job-Agent",
      "version": "1.0.0",
      "license": "ISC",
      "dependencies": {
        "@scottmroth5/agent-core": "github:scottmroth5/Agent-Core#semver:^0.1.2"
      }
    },
    "node_modules/@scottmroth5/agent-core": {
      "version": "0.1.2",
      "resolved": "git+ssh://git@github.com/scottmroth5/Agent-Core.git#b051f9e0ca92749525fca6a55d431ec1fd932d43",
      "license": "ISC"
    }
  }
}
